// !$*UTF8*$!
{
	archiveVersion = 1;
	classes = {
	};
	objectVersion = 46;
	objects = {

/* Begin PBXBuildFile section */
		C39F0D2E1CAFAC2300F5F0CF /* AppDelegate.swift in Sources */ = {isa = PBXBuildFile; fileRef = C39F0D2D1CAFAC2300F5F0CF /* AppDelegate.swift */; };
		C39F0D301CAFAC2300F5F0CF /* ViewController.swift in Sources */ = {isa = PBXBuildFile; fileRef = C39F0D2F1CAFAC2300F5F0CF /* ViewController.swift */; };
		C39F0D331CAFAC2300F5F0CF /* Main.storyboard in Resources */ = {isa = PBXBuildFile; fileRef = C39F0D311CAFAC2300F5F0CF /* Main.storyboard */; };
		C39F0D351CAFAC2300F5F0CF /* Assets.xcassets in Resources */ = {isa = PBXBuildFile; fileRef = C39F0D341CAFAC2300F5F0CF /* Assets.xcassets */; };
		C39F0D381CAFAC2300F5F0CF /* LaunchScreen.storyboard in Resources */ = {isa = PBXBuildFile; fileRef = C39F0D361CAFAC2300F5F0CF /* LaunchScreen.storyboard */; };
		C39F0D401CB0009300F5F0CF /* ConverterViewController.swift in Sources */ = {isa = PBXBuildFile; fileRef = C39F0D3F1CB0009300F5F0CF /* ConverterViewController.swift */; };
/* End PBXBuildFile section */

/* Begin PBXFileReference section */
		C39F0D2A1CAFAC2300F5F0CF /* HelloSwiftMobile World.app */ = {isa = PBXFileReference; explicitFileType = wrapper.application; includeInIndex = 0; path = "HelloSwiftMobile World.app"; sourceTree = BUILT_PRODUCTS_DIR; };
		C39F0D2D1CAFAC2300F5F0CF /* AppDelegate.swift */ = {isa = PBXFileReference; lastKnownFileType = sourcecode.swift; path = AppDelegate.swift; sourceTree = "<group>"; };
		C39F0D2F1CAFAC2300F5F0CF /* ViewController.swift */ = {isa = PBXFileReference; lastKnownFileType = sourcecode.swift; path = ViewController.swift; sourceTree = "<group>"; };
		C39F0D321CAFAC2300F5F0CF /* Base */ = {isa = PBXFileReference; lastKnownFileType = file.storyboard; name = Base; path = Base.lproj/Main.storyboard; sourceTree = "<group>"; };
		C39F0D341CAFAC2300F5F0CF /* Assets.xcassets */ = {isa = PBXFileReference; lastKnownFileType = folder.assetcatalog; path = Assets.xcassets; sourceTree = "<group>"; };
		C39F0D371CAFAC2300F5F0CF /* Base */ = {isa = PBXFileReference; lastKnownFileType = file.storyboard; name = Base; path = Base.lproj/LaunchScreen.storyboard; sourceTree = "<group>"; };
		C39F0D391CAFAC2300F5F0CF /* Info.plist */ = {isa = PBXFileReference; lastKnownFileType = text.plist.xml; path = Info.plist; sourceTree = "<group>"; };
		C39F0D3F1CB0009300F5F0CF /* ConverterViewController.swift */ = {isa = PBXFileReference; fileEncoding = 4; lastKnownFileType = sourcecode.swift; path = ConverterViewController.swift; sourceTree = "<group>"; };
/* End PBXFileReference section */

/* Begin PBXFrameworksBuildPhase section */
		C39F0D271CAFAC2300F5F0CF /* Frameworks */ = {
			isa = PBXFrameworksBuildPhase;
			buildActionMask = 2147483647;
			files = (
			);
			runOnlyForDeploymentPostprocessing = 0;
		};
/* End PBXFrameworksBuildPhase section */

/* Begin PBXGroup section */
		C39F0D211CAFAC2300F5F0CF = {
			isa = PBXGroup;
			children = (
				C39F0D2C1CAFAC2300F5F0CF /* HelloSwiftMobile World */,
				C39F0D2B1CAFAC2300F5F0CF /* Products */,
			);
			sourceTree = "<group>";
		};
		C39F0D2B1CAFAC2300F5F0CF /* Products */ = {
			isa = PBXGroup;
			children = (
				C39F0D2A1CAFAC2300F5F0CF /* HelloSwiftMobile World.app */,
			);
			name = Products;
			sourceTree = "<group>";
		};
		C39F0D2C1CAFAC2300F5F0CF /* HelloSwiftMobile World */ = {
			isa = PBXGroup;
			children = (
				C39F0D2D1CAFAC2300F5F0CF /* AppDelegate.swift */,
				C39F0D2F1CAFAC2300F5F0CF /* ViewController.swift */,
				C39F0D311CAFAC2300F5F0CF /* Main.storyboard */,
				C39F0D3F1CB0009300F5F0CF /* ConverterViewController.swift */,
				C39F0D341CAFAC2300F5F0CF /* Assets.xcassets */,
				C39F0D361CAFAC2300F5F0CF /* LaunchScreen.storyboard */,
				C39F0D391CAFAC2300F5F0CF /* Info.plist */,
			);
			path = "HelloSwiftMobile World";
			sourceTree = "<group>";
		};
/* End PBXGroup section */

/* Begin PBXNativeTarget section */
		C39F0D291CAFAC2300F5F0CF /* HelloSwiftMobile World */ = {
			isa = PBXNativeTarget;
			buildConfigurationList = C39F0D3C1CAFAC2300F5F0CF /* Build configuration list for PBXNativeTarget "HelloSwiftMobile World" */;
			buildPhases = (
				C39F0D261CAFAC2300F5F0CF /* Sources */,
				C39F0D271CAFAC2300F5F0CF /* Frameworks */,
				C39F0D281CAFAC2300F5F0CF /* Resources */,
			);
			buildRules = (
			);
			dependencies = (
			);
			name = "HelloSwiftMobile World";
			productName = "HelloSwiftMobile World";
			productReference = C39F0D2A1CAFAC2300F5F0CF /* HelloSwiftMobile World.app */;
			productType = "com.apple.product-type.application";
		};
/* End PBXNativeTarget section */

/* Begin PBXProject section */
		C39F0D221CAFAC2300F5F0CF /* Project object */ = {
			isa = PBXProject;
			attributes = {
				LastSwiftUpdateCheck = 0730;
				LastUpgradeCheck = 0730;
				ORGANIZATIONNAME = "Tatiana Leonova";
				TargetAttributes = {
					C39F0D291CAFAC2300F5F0CF = {
						CreatedOnToolsVersion = 7.3;
					};
				};
			};
			buildConfigurationList = C39F0D251CAFAC2300F5F0CF /* Build configuration list for PBXProject "HelloSwiftMobile World" */;
			compatibilityVersion = "Xcode 3.2";
			developmentRegion = English;
			hasScannedForEncodings = 0;
			knownRegions = (
				en,
				Base,
			);
			mainGroup = C39F0D211CAFAC2300F5F0CF;
			productRefGroup = C39F0D2B1CAFAC2300F5F0CF /* Products */;
			projectDirPath = "";
			projectRoot = "";
			targets = (
				C39F0D291CAFAC2300F5F0CF /* HelloSwiftMobile World */,
			);
		};
/* End PBXProject section */

/* Begin PBXResourcesBuildPhase section */
		C39F0D281CAFAC2300F5F0CF /* Resources */ = {
			isa = PBXResourcesBuildPhase;
			buildActionMask = 2147483647;
			files = (
				C39F0D381CAFAC2300F5F0CF /* LaunchScreen.storyboard in Resources */,
				C39F0D351CAFAC2300F5F0CF /* Assets.xcassets in Resources */,
				C39F0D331CAFAC2300F5F0CF /* Main.storyboard in Resources */,
			);
			runOnlyForDeploymentPostprocessing = 0;
		};
/* End PBXResourcesBuildPhase section */

/* Begin PBXSourcesBuildPhase section */
		C39F0D261CAFAC2300F5F0CF /* Sources */ = {
			isa = PBXSourcesBuildPhase;
			buildActionMask = 2147483647;
			files = (
				C39F0D301CAFAC2300F5F0CF /* ViewController.swift in Sources */,
				C39F0D2E1CAFAC2300F5F0CF /* AppDelegate.swift in Sources */,
				C39F0D401CB0009300F5F0CF /* ConverterViewController.swift in Sources */,
			);
			runOnlyForDeploymentPostprocessing = 0;
		};
/* End PBXSourcesBuildPhase section */

/* Begin PBXVariantGroup section */
		C39F0D311CAFAC2300F5F0CF /* Main.storyboard */ = {
			isa = PBXVariantGroup;
			children = (
				C39F0D321CAFAC2300F5F0CF /* Base */,
			);
			name = Main.storyboard;
			sourceTree = "<group>";
		};
		C39F0D361CAFAC2300F5F0CF /* LaunchScreen.storyboard */ = {
			isa = PBXVariantGroup;
			children = (
				C39F0D371CAFAC2300F5F0CF /* Base */,
			);
			name = LaunchScreen.storyboard;
			sourceTree = "<group>";
		};
/* End PBXVariantGroup section */

/* Begin XCBuildConfiguration section */
		C39F0D3A1CAFAC2300F5F0CF /* Debug */ = {
			isa = XCBuildConfiguration;
			buildSettings = {
				ALWAYS_SEARCH_USER_PATHS = NO;
				CLANG_ANALYZER_NONNULL = YES;
				CLANG_CXX_LANGUAGE_STANDARD = "gnu++0x";
				CLANG_CXX_LIBRARY = "libc++";
				CLANG_ENABLE_MODULES = YES;
				CLANG_ENABLE_OBJC_ARC = YES;
				CLANG_WARN_BOOL_CONVERSION = YES;
				CLANG_WARN_CONSTANT_CONVERSION = YES;
				CLANG_WARN_DIRECT_OBJC_ISA_USAGE = YES_ERROR;
				CLANG_WARN_EMPTY_BODY = YES;
				CLANG_WARN_ENUM_CONVERSION = YES;
				CLANG_WARN_INT_CONVERSION = YES;
				CLANG_WARN_OBJC_ROOT_CLASS = YES_ERROR;
				CLANG_WARN_UNREACHABLE_CODE = YES;
				CLANG_WARN__DUPLICATE_METHOD_MATCH = YES;
				"CODE_SIGN_IDENTITY[sdk=iphoneos*]" = "iPhone Developer";
				COPY_PHASE_STRIP = NO;
				DEBUG_INFORMATION_FORMAT = dwarf;
				ENABLE_STRICT_OBJC_MSGSEND = YES;
				ENABLE_TESTABILITY = YES;
				GCC_C_LANGUAGE_STANDARD = gnu99;
				GCC_DYNAMIC_NO_PIC = NO;
				GCC_NO_COMMON_BLOCKS = YES;
				GCC_OPTIMIZATION_LEVEL = 0;
				GCC_PREPROCESSOR_DEFINITIONS = (
					"DEBUG=1",
					"$(inherited)",
				);
				GCC_WARN_64_TO_32_BIT_CONVERSION = YES;
				GCC_WARN_ABOUT_RETURN_TYPE = YES_ERROR;
				GCC_WARN_UNDECLARED_SELECTOR = YES;
				GCC_WARN_UNINITIALIZED_AUTOS = YES_AGGRESSIVE;
				GCC_WARN_UNUSED_FUNCTION = YES;
				GCC_WARN_UNUSED_VARIABLE = YES;
				IPHONEOS_DEPLOYMENT_TARGET = 9.3;
				MTL_ENABLE_DEBUG_INFO = YES;
				ONLY_ACTIVE_ARCH = YES;
				SDKROOT = iphoneos;
				SWIFT_OPTIMIZATION_LEVEL = "-Onone";
				TARGETED_DEVICE_FAMILY = "1,2";
			};
			name = Debug;
		};
		C39F0D3B1CAFAC2300F5F0CF /* Release */ = {
			isa = XCBuildConfiguration;
			buildSettings = {
				ALWAYS_SEARCH_USER_PATHS = NO;
				CLANG_ANALYZER_NONNULL = YES;
				CLANG_CXX_LANGUAGE_STANDARD = "gnu++0x";
				CLANG_CXX_LIBRARY = "libc++";
				CLANG_ENABLE_MODULES = YES;
				CLANG_ENABLE_OBJC_ARC = YES;
				CLANG_WARN_BOOL_CONVERSION = YES;
				CLANG_WARN_CONSTANT_CONVERSION = YES;
				CLANG_WARN_DIRECT_OBJC_ISA_USAGE = YES_ERROR;
				CLANG_WARN_EMPTY_BODY = YES;
				CLANG_WARN_ENUM_CONVERSION = YES;
				CLANG_WARN_INT_CONVERSION = YES;
				CLANG_WARN_OBJC_ROOT_CLASS = YES_ERROR;
				CLANG_WARN_UNREACHABLE_CODE = YES;
				CLANG_WARN__DUPLICATE_METHOD_MATCH = YES;
				"CODE_SIGN_IDENTITY[sdk=iphoneos*]" = "iPhone Developer";
				COPY_PHASE_STRIP = NO;
				DEBUG_INFORMATION_FORMAT = "dwarf-with-dsym";
				ENABLE_NS_ASSERTIONS = NO;
				ENABLE_STRICT_OBJC_MSGSEND = YES;
				GCC_C_LANGUAGE_STANDARD = gnu99;
				GCC_NO_COMMON_BLOCKS = YES;
				GCC_WARN_64_TO_32_BIT_CONVERSION = YES;
				GCC_WARN_ABOUT_RETURN_TYPE = YES_ERROR;
				GCC_WARN_UNDECLARED_SELECTOR = YES;
				GCC_WARN_UNINITIALIZED_AUTOS = YES_AGGRESSIVE;
				GCC_WARN_UNUSED_FUNCTION = YES;
				GCC_WARN_UNUSED_VARIABLE = YES;
				IPHONEOS_DEPLOYMENT_TARGET = 9.3;
				MTL_ENABLE_DEBUG_INFO = NO;
				SDKROOT = iphoneos;
				TARGETED_DEVICE_FAMILY = "1,2";
				VALIDATE_PRODUCT = YES;
			};
			name = Release;
		};
		C39F0D3D1CAFAC2300F5F0CF /* Debug */ = {
			isa = XCBuildConfiguration;
			buildSettings = {
				ASSETCATALOG_COMPILER_APPICON_NAME = AppIcon;
				INFOPLIST_FILE = "HelloSwiftMobile World/Info.plist";
				LD_RUNPATH_SEARCH_PATHS = "$(inherited) @executable_path/Frameworks";
				PRODUCT_BUNDLE_IDENTIFIER = "com.TL.HelloSwiftMobile-World";
				PRODUCT_NAME = "$(TARGET_NAME)";
			};
			name = Debug;
		};
		C39F0D3E1CAFAC2300F5F0CF /* Release */ = {
			isa = XCBuildConfiguration;
			buildSettings = {
				ASSETCATALOG_COMPILER_APPICON_NAME = AppIcon;
				INFOPLIST_FILE = "HelloSwiftMobile World/Info.plist";
				LD_RUNPATH_SEARCH_PATHS = "$(inherited) @executable_path/Frameworks";
				PRODUCT_BUNDLE_IDENTIFIER = "com.TL.HelloSwiftMobile-World";
				PRODUCT_NAME = "$(TARGET_NAME)";
			};
			name = Release;
		};
/* End XCBuildConfiguration section */

/* Begin XCConfigurationList section */
		C39F0D251CAFAC2300F5F0CF /* Build configuration list for PBXProject "HelloSwiftMobile World" */ = {
			isa = XCConfigurationList;
			buildConfigurations = (
				C39F0D3A1CAFAC2300F5F0CF /* Debug */,
				C39F0D3B1CAFAC2300F5F0CF /* Release */,
			);
			defaultConfigurationIsVisible = 0;
			defaultConfigurationName = Release;
		};
		C39F0D3C1CAFAC2300F5F0CF /* Build configuration list for PBXNativeTarget "HelloSwiftMobile World" */ = {
			isa = XCConfigurationList;
			buildConfigurations = (
				C39F0D3D1CAFAC2300F5F0CF /* Debug */,
				C39F0D3E1CAFAC2300F5F0CF /* Release */,
			);
			defaultConfigurationIsVisible = 0;
		};
/* End XCConfigurationList section */
	};
	rootObject = C39F0D221CAFAC2300F5F0CF /* Project object */;
}
